
Microsoft Visual Studio Solution File, Format Version 11.00
# Visual Studio 2010
Project("{FAE04EC0-301F-11D3-BF4B-00C04F79EFBC}") = "ODataSample", "ODataSample\ODataSample.csproj", "{493B87C8-C2FE-402F-912D-01E25366557B}"
EndProject
Project("{FAE04EC0-301F-11D3-BF4B-00C04F79EFBC}") = "OData.ConsoleClient", "OData.ConsoleClient\OData.ConsoleClient.csproj", "{6E57F1EE-A3AD-4F4E-A184-585C8BE5E9F5}"
EndProject
Global
	GlobalSection(SolutionConfigurationPlatforms) = preSolution
		Debug|Any CPU = Debug|Any CPU
		Debug|Mixed Platforms = Debug|Mixed Platforms
		Debug|x86 = Debug|x86
		Release|Any CPU = Release|Any CPU
		Release|Mixed Platforms = Release|Mixed Platforms
		Release|x86 = Release|x86
	EndGlobalSection
	GlobalSection(ProjectConfigurationPlatforms) = postSolution
		{493B87C8-C2FE-402F-912D-01E25366557B}.Debug|Any CPU.ActiveCfg = Debug|Any CPU
		{493B87C8-C2FE-402F-912D-01E25366557B}.Debug|Any CPU.Build.0 = Debug|Any CPU
		{493B87C8-C2FE-402F-912D-01E25366557B}.Debug|Mixed Platforms.ActiveCfg = Debug|Any CPU
		{493B87C8-C2FE-402F-912D-01E25366557B}.Debug|Mixed Platforms.Build.0 = Debug|Any CPU
		{493B87C8-C2FE-402F-912D-01E25366557B}.Debug|x86.ActiveCfg = Debug|Any CPU
		{493B87C8-C2FE-402F-912D-01E25366557B}.Release|Any CPU.ActiveCfg = Release|Any CPU
		{493B87C8-C2FE-402F-912D-01E25366557B}.Release|Any CPU.Build.0 = Release|Any CPU
		{493B87C8-C2FE-402F-912D-01E25366557B}.Release|Mixed Platforms.ActiveCfg = Release|Any CPU
		{493B87C8-C2FE-402F-912D-01E25366557B}.Release|Mixed Platforms.Build.0 = Release|Any CPU
		{493B87C8-C2FE-402F-912D-01E25366557B}.Release|x86.ActiveCfg = Release|Any CPU
		{6E57F1EE-A3AD-4F4E-A184-585C8BE5E9F5}.Debug|Any CPU.ActiveCfg = Debug|x86
		{6E57F1EE-A3AD-4F4E-A184-585C8BE5E9F5}.Debug|Mixed Platforms.ActiveCfg = Debug|x86
		{6E57F1EE-A3AD-4F4E-A184-585C8BE5E9F5}.Debug|Mixed Platforms.Build.0 = Debug|x86
		{6E57F1EE-A3AD-4F4E-A184-585C8BE5E9F5}.Debug|x86.ActiveCfg = Debug|x86
		{6E57F1EE-A3AD-4F4E-A184-585C8BE5E9F5}.Debug|x86.Build.0 = Debug|x86
		{6E57F1EE-A3AD-4F4E-A184-585C8BE5E9F5}.Release|Any CPU.ActiveCfg = Release|x86
		{6E57F1EE-A3AD-4F4E-A184-585C8BE5E9F5}.Release|Mixed Platforms.ActiveCfg = Release|x86
		{6E57F1EE-A3AD-4F4E-A184-585C8BE5E9F5}.Release|Mixed Platforms.Build.0 = Release|x86
		{6E57F1EE-A3AD-4F4E-A184-585C8BE5E9F5}.Release|x86.ActiveCfg = Release|x86
		{6E57F1EE-A3AD-4F4E-A184-585C8BE5E9F5}.Release|x86.Build.0 = Release|x86
	EndGlobalSection
	GlobalSection(SolutionProperties) = preSolution
		HideSolutionNode = FALSE
	EndGlobalSection
EndGlobal
